
Microsoft Visual Studio Solution File, Format Version 12.00
# Visual Studio Version 16
VisualStudioVersion = 16.0.31727.386
MinimumVisualStudioVersion = 10.0.40219.1
Project("{FAE04EC0-301F-11D3-BF4B-00C04F79EFBC}") = "Rusu_Daria_lab2", "Rusu_Daria_lab2.csproj", "{6BA117FD-DFCB-4DCC-9EBB-5D3C4AE4F06E}"
EndProject
Global
	GlobalSection(SolutionConfigurationPlatforms) = preSolution
		Debug|Any CPU = Debug|Any CPU
		Release|Any CPU = Release|Any CPU
	EndGlobalSection
	GlobalSection(ProjectConfigurationPlatforms) = postSolution
		{6BA117FD-DFCB-4DCC-9EBB-5D3C4AE4F06E}.Debug|Any CPU.ActiveCfg = Debug|Any CPU
		{6BA117FD-DFCB-4DCC-9EBB-5D3C4AE4F06E}.Debug|Any CPU.Build.0 = Debug|Any CPU
		{6BA117FD-DFCB-4DCC-9EBB-5D3C4AE4F06E}.Release|Any CPU.ActiveCfg = Release|Any CPU
		{6BA117FD-DFCB-4DCC-9EBB-5D3C4AE4F06E}.Release|Any CPU.Build.0 = Release|Any CPU
	EndGlobalSection
	GlobalSection(SolutionProperties) = preSolution
		HideSolutionNode = FALSE
	EndGlobalSection
	GlobalSection(ExtensibilityGlobals) = postSolution
		SolutionGuid = {7C344CA9-D45A-42BD-A55D-B2B8F1D2B8E5}
	EndGlobalSection
EndGlobal
